
Microsoft Visual Studio Solution File, Format Version 12.00
# Visual Studio 15
Project("{FAE04EC0-301F-11D3-BF4B-00C04F79EFBC}") = "Assembly-CSharp", "Assembly-CSharp.csproj", "{C532CE70-1876-2941-E311-D601E6449A51}"
EndProject
Project("{FAE04EC0-301F-11D3-BF4B-00C04F79EFBC}") = "Assembly-CSharp-firstpass", "Assembly-CSharp-firstpass.csproj", "{CAD4CAFE-FED8-D3A7-50CC-C7D95220132C}"
EndProject
Project("{FAE04EC0-301F-11D3-BF4B-00C04F79EFBC}") = "Assembly-CSharp-Editor", "Assembly-CSharp-Editor.csproj", "{CACA83B0-3B18-1F9C-39E2-B266868E3F88}"
EndProject
Global
	GlobalSection(SolutionConfigurationPlatforms) = preSolution
		Debug|Any CPU = Debug|Any CPU
		Release|Any CPU = Release|Any CPU
	EndGlobalSection
	GlobalSection(ProjectConfigurationPlatforms) = postSolution
		{C532CE70-1876-2941-E311-D601E6449A51}.Debug|Any CPU.ActiveCfg = Debug|Any CPU
		{C532CE70-1876-2941-E311-D601E6449A51}.Debug|Any CPU.Build.0 = Debug|Any CPU
		{C532CE70-1876-2941-E311-D601E6449A51}.Release|Any CPU.ActiveCfg = Release|Any CPU
		{C532CE70-1876-2941-E311-D601E6449A51}.Release|Any CPU.Build.0 = Release|Any CPU
		{CAD4CAFE-FED8-D3A7-50CC-C7D95220132C}.Debug|Any CPU.ActiveCfg = Debug|Any CPU
		{CAD4CAFE-FED8-D3A7-50CC-C7D95220132C}.Debug|Any CPU.Build.0 = Debug|Any CPU
		{CAD4CAFE-FED8-D3A7-50CC-C7D95220132C}.Release|Any CPU.ActiveCfg = Release|Any CPU
		{CAD4CAFE-FED8-D3A7-50CC-C7D95220132C}.Release|Any CPU.Build.0 = Release|Any CPU
		{CACA83B0-3B18-1F9C-39E2-B266868E3F88}.Debug|Any CPU.ActiveCfg = Debug|Any CPU
		{CACA83B0-3B18-1F9C-39E2-B266868E3F88}.Debug|Any CPU.Build.0 = Debug|Any CPU
		{CACA83B0-3B18-1F9C-39E2-B266868E3F88}.Release|Any CPU.ActiveCfg = Release|Any CPU
		{CACA83B0-3B18-1F9C-39E2-B266868E3F88}.Release|Any CPU.Build.0 = Release|Any CPU
	EndGlobalSection
	GlobalSection(SolutionProperties) = preSolution
		HideSolutionNode = FALSE
	EndGlobalSection
	GlobalSection(MonoDevelopProperties) = preSolution
		StartupItem = Assembly-CSharp.csproj
	EndGlobalSection
EndGlobal
